
Microsoft Visual Studio Solution File, Format Version 12.00
# Visual Studio 15
VisualStudioVersion = 15.0.28010.2003
MinimumVisualStudioVersion = 10.0.40219.1
Project("{FAE04EC0-301F-11D3-BF4B-00C04F79EFBC}") = "APIApplication", "APIApplication\APIApplication.csproj", "{83B3C9A1-2D27-42C5-9A21-AD8E23A766A3}"
EndProject
Project("{FAE04EC0-301F-11D3-BF4B-00C04F79EFBC}") = "DataAccessLayer", "DataAccessLayer\DataAccessLayer.csproj", "{17957ED3-E250-49DE-A63A-23B9C4E2B24F}"
EndProject
Global
	GlobalSection(SolutionConfigurationPlatforms) = preSolution
		Debug|Any CPU = Debug|Any CPU
		Release|Any CPU = Release|Any CPU
	EndGlobalSection
	GlobalSection(ProjectConfigurationPlatforms) = postSolution
		{83B3C9A1-2D27-42C5-9A21-AD8E23A766A3}.Debug|Any CPU.ActiveCfg = Debug|Any CPU
		{83B3C9A1-2D27-42C5-9A21-AD8E23A766A3}.Debug|Any CPU.Build.0 = Debug|Any CPU
		{83B3C9A1-2D27-42C5-9A21-AD8E23A766A3}.Release|Any CPU.ActiveCfg = Release|Any CPU
		{83B3C9A1-2D27-42C5-9A21-AD8E23A766A3}.Release|Any CPU.Build.0 = Release|Any CPU
		{17957ED3-E250-49DE-A63A-23B9C4E2B24F}.Debug|Any CPU.ActiveCfg = Debug|Any CPU
		{17957ED3-E250-49DE-A63A-23B9C4E2B24F}.Debug|Any CPU.Build.0 = Debug|Any CPU
		{17957ED3-E250-49DE-A63A-23B9C4E2B24F}.Release|Any CPU.ActiveCfg = Release|Any CPU
		{17957ED3-E250-49DE-A63A-23B9C4E2B24F}.Release|Any CPU.Build.0 = Release|Any CPU
	EndGlobalSection
	GlobalSection(SolutionProperties) = preSolution
		HideSolutionNode = FALSE
	EndGlobalSection
	GlobalSection(ExtensibilityGlobals) = postSolution
		SolutionGuid = {1E4997EC-C3FD-46FD-871B-1E798F4C4999}
	EndGlobalSection
EndGlobal
